// !$*UTF8*$!
{
	archiveVersion = 1;
	classes = {
	};
	objectVersion = 46;
	objects = {

/* Begin PBXBuildFile section */
		22253E471EB9EFD3004E4ACA /* AppDelegate.swift in Sources */ = {isa = PBXBuildFile; fileRef = 22253E461EB9EFD3004E4ACA /* AppDelegate.swift */; };
		22253E491EB9EFD3004E4ACA /* ViewController.swift in Sources */ = {isa = PBXBuildFile; fileRef = 22253E481EB9EFD3004E4ACA /* ViewController.swift */; };
		22253E4C1EB9EFD4004E4ACA /* Main.storyboard in Resources */ = {isa = PBXBuildFile; fileRef = 22253E4A1EB9EFD4004E4ACA /* Main.storyboard */; };
		22253E4E1EB9EFD4004E4ACA /* Assets.xcassets in Resources */ = {isa = PBXBuildFile; fileRef = 22253E4D1EB9EFD4004E4ACA /* Assets.xcassets */; };
		22253E511EB9EFD4004E4ACA /* LaunchScreen.storyboard in Resources */ = {isa = PBXBuildFile; fileRef = 22253E4F1EB9EFD4004E4ACA /* LaunchScreen.storyboard */; };
		22253E5C1EB9EFD5004E4ACA /* PokeYou_Tests.swift in Sources */ = {isa = PBXBuildFile; fileRef = 22253E5B1EB9EFD5004E4ACA /* PokeYou_Tests.swift */; };
		22253E671EB9EFD5004E4ACA /* PokeYou_UITests.swift in Sources */ = {isa = PBXBuildFile; fileRef = 22253E661EB9EFD5004E4ACA /* PokeYou_UITests.swift */; };
		222EF7DD1EBF390E0030491B /* vibrate.m in Sources */ = {isa = PBXBuildFile; fileRef = 222EF7DC1EBF390D0030491B /* vibrate.m */; };
/* End PBXBuildFile section */

/* Begin PBXContainerItemProxy section */
		22253E581EB9EFD5004E4ACA /* PBXContainerItemProxy */ = {
			isa = PBXContainerItemProxy;
			containerPortal = 22253E3B1EB9EFD3004E4ACA /* Project object */;
			proxyType = 1;
			remoteGlobalIDString = 22253E421EB9EFD3004E4ACA;
			remoteInfo = "PokeYou!";
		};
		22253E631EB9EFD5004E4ACA /* PBXContainerItemProxy */ = {
			isa = PBXContainerItemProxy;
			containerPortal = 22253E3B1EB9EFD3004E4ACA /* Project object */;
			proxyType = 1;
			remoteGlobalIDString = 22253E421EB9EFD3004E4ACA;
			remoteInfo = "PokeYou!";
		};
/* End PBXContainerItemProxy section */

/* Begin PBXFileReference section */
		22253E431EB9EFD3004E4ACA /* PokeYou!.app */ = {isa = PBXFileReference; explicitFileType = wrapper.application; includeInIndex = 0; path = "PokeYou!.app"; sourceTree = BUILT_PRODUCTS_DIR; };
		22253E461EB9EFD3004E4ACA /* AppDelegate.swift */ = {isa = PBXFileReference; lastKnownFileType = sourcecode.swift; path = AppDelegate.swift; sourceTree = "<group>"; };
		22253E481EB9EFD3004E4ACA /* ViewController.swift */ = {isa = PBXFileReference; lastKnownFileType = sourcecode.swift; path = ViewController.swift; sourceTree = "<group>"; };
		22253E4B1EB9EFD4004E4ACA /* Base */ = {isa = PBXFileReference; lastKnownFileType = file.storyboard; name = Base; path = Base.lproj/Main.storyboard; sourceTree = "<group>"; };
		22253E4D1EB9EFD4004E4ACA /* Assets.xcassets */ = {isa = PBXFileReference; lastKnownFileType = folder.assetcatalog; path = Assets.xcassets; sourceTree = "<group>"; };
		22253E501EB9EFD4004E4ACA /* Base */ = {isa = PBXFileReference; lastKnownFileType = file.storyboard; name = Base; path = Base.lproj/LaunchScreen.storyboard; sourceTree = "<group>"; };
		22253E521EB9EFD4004E4ACA /* Info.plist */ = {isa = PBXFileReference; lastKnownFileType = text.plist.xml; path = Info.plist; sourceTree = "<group>"; };
		22253E571EB9EFD5004E4ACA /* PokeYou!Tests.xctest */ = {isa = PBXFileReference; explicitFileType = wrapper.cfbundle; includeInIndex = 0; path = "PokeYou!Tests.xctest"; sourceTree = BUILT_PRODUCTS_DIR; };
		22253E5B1EB9EFD5004E4ACA /* PokeYou_Tests.swift */ = {isa = PBXFileReference; lastKnownFileType = sourcecode.swift; path = PokeYou_Tests.swift; sourceTree = "<group>"; };
		22253E5D1EB9EFD5004E4ACA /* Info.plist */ = {isa = PBXFileReference; lastKnownFileType = text.plist.xml; path = Info.plist; sourceTree = "<group>"; };
		22253E621EB9EFD5004E4ACA /* PokeYou!UITests.xctest */ = {isa = PBXFileReference; explicitFileType = wrapper.cfbundle; includeInIndex = 0; path = "PokeYou!UITests.xctest"; sourceTree = BUILT_PRODUCTS_DIR; };
		22253E661EB9EFD5004E4ACA /* PokeYou_UITests.swift */ = {isa = PBXFileReference; lastKnownFileType = sourcecode.swift; path = PokeYou_UITests.swift; sourceTree = "<group>"; };
		22253E681EB9EFD5004E4ACA /* Info.plist */ = {isa = PBXFileReference; lastKnownFileType = text.plist.xml; path = Info.plist; sourceTree = "<group>"; };
		222EF7D91EBF34C40030491B /* vibrate.h */ = {isa = PBXFileReference; lastKnownFileType = sourcecode.c.h; path = vibrate.h; sourceTree = "<group>"; };
		222EF7DA1EBF35220030491B /* PokeYou!-Bridging-Header.h */ = {isa = PBXFileReference; lastKnownFileType = sourcecode.c.h; path = "PokeYou!-Bridging-Header.h"; sourceTree = "<group>"; };
		222EF7DC1EBF390D0030491B /* vibrate.m */ = {isa = PBXFileReference; fileEncoding = 4; lastKnownFileType = sourcecode.c.objc; path = vibrate.m; sourceTree = "<group>"; };
/* End PBXFileReference section */

/* Begin PBXFrameworksBuildPhase section */
		22253E401EB9EFD3004E4ACA /* Frameworks */ = {
			isa = PBXFrameworksBuildPhase;
			buildActionMask = 2147483647;
			files = (
			);
			runOnlyForDeploymentPostprocessing = 0;
		};
		22253E541EB9EFD5004E4ACA /* Frameworks */ = {
			isa = PBXFrameworksBuildPhase;
			buildActionMask = 2147483647;
			files = (
			);
			runOnlyForDeploymentPostprocessing = 0;
		};
		22253E5F1EB9EFD5004E4ACA /* Frameworks */ = {
			isa = PBXFrameworksBuildPhase;
			buildActionMask = 2147483647;
			files = (
			);
			runOnlyForDeploymentPostprocessing = 0;
		};
/* End PBXFrameworksBuildPhase section */

/* Begin PBXGroup section */
		22253E3A1EB9EFD2004E4ACA = {
			isa = PBXGroup;
			children = (
				22253E451EB9EFD3004E4ACA /* PokeYou! */,
				22253E5A1EB9EFD5004E4ACA /* PokeYou!Tests */,
				22253E651EB9EFD5004E4ACA /* PokeYou!UITests */,
				22253E441EB9EFD3004E4ACA /* Products */,
			);
			sourceTree = "<group>";
		};
		22253E441EB9EFD3004E4ACA /* Products */ = {
			isa = PBXGroup;
			children = (
				22253E431EB9EFD3004E4ACA /* PokeYou!.app */,
				22253E571EB9EFD5004E4ACA /* PokeYou!Tests.xctest */,
				22253E621EB9EFD5004E4ACA /* PokeYou!UITests.xctest */,
			);
			name = Products;
			sourceTree = "<group>";
		};
		22253E451EB9EFD3004E4ACA /* PokeYou! */ = {
			isa = PBXGroup;
			children = (
				22253E461EB9EFD3004E4ACA /* AppDelegate.swift */,
				22253E481EB9EFD3004E4ACA /* ViewController.swift */,
				22253E4A1EB9EFD4004E4ACA /* Main.storyboard */,
				222EF7D91EBF34C40030491B /* vibrate.h */,
				222EF7DC1EBF390D0030491B /* vibrate.m */,
				22253E4D1EB9EFD4004E4ACA /* Assets.xcassets */,
				22253E4F1EB9EFD4004E4ACA /* LaunchScreen.storyboard */,
				22253E521EB9EFD4004E4ACA /* Info.plist */,
				222EF7DA1EBF35220030491B /* PokeYou!-Bridging-Header.h */,
			);
			path = "PokeYou!";
			sourceTree = "<group>";
		};
		22253E5A1EB9EFD5004E4ACA /* PokeYou!Tests */ = {
			isa = PBXGroup;
			children = (
				22253E5B1EB9EFD5004E4ACA /* PokeYou_Tests.swift */,
				22253E5D1EB9EFD5004E4ACA /* Info.plist */,
			);
			path = "PokeYou!Tests";
			sourceTree = "<group>";
		};
		22253E651EB9EFD5004E4ACA /* PokeYou!UITests */ = {
			isa = PBXGroup;
			children = (
				22253E661EB9EFD5004E4ACA /* PokeYou_UITests.swift */,
				22253E681EB9EFD5004E4ACA /* Info.plist */,
			);
			path = "PokeYou!UITests";
			sourceTree = "<group>";
		};
/* End PBXGroup section */

/* Begin PBXNativeTarget section */
		22253E421EB9EFD3004E4ACA /* PokeYou! */ = {
			isa = PBXNativeTarget;
			buildConfigurationList = 22253E6B1EB9EFD5004E4ACA /* Build configuration list for PBXNativeTarget "PokeYou!" */;
			buildPhases = (
				22253E3F1EB9EFD3004E4ACA /* Sources */,
				22253E401EB9EFD3004E4ACA /* Frameworks */,
				22253E411EB9EFD3004E4ACA /* Resources */,
			);
			buildRules = (
			);
			dependencies = (
			);
			name = "PokeYou!";
			productName = "PokeYou!";
			productReference = 22253E431EB9EFD3004E4ACA /* PokeYou!.app */;
			productType = "com.apple.product-type.application";
		};
		22253E561EB9EFD5004E4ACA /* PokeYou!Tests */ = {
			isa = PBXNativeTarget;
			buildConfigurationList = 22253E6E1EB9EFD5004E4ACA /* Build configuration list for PBXNativeTarget "PokeYou!Tests" */;
			buildPhases = (
				22253E531EB9EFD5004E4ACA /* Sources */,
				22253E541EB9EFD5004E4ACA /* Frameworks */,
				22253E551EB9EFD5004E4ACA /* Resources */,
			);
			buildRules = (
			);
			dependencies = (
				22253E591EB9EFD5004E4ACA /* PBXTargetDependency */,
			);
			name = "PokeYou!Tests";
			productName = "PokeYou!Tests";
			productReference = 22253E571EB9EFD5004E4ACA /* PokeYou!Tests.xctest */;
			productType = "com.apple.product-type.bundle.unit-test";
		};
		22253E611EB9EFD5004E4ACA /* PokeYou!UITests */ = {
			isa = PBXNativeTarget;
			buildConfigurationList = 22253E711EB9EFD5004E4ACA /* Build configuration list for PBXNativeTarget "PokeYou!UITests" */;
			buildPhases = (
				22253E5E1EB9EFD5004E4ACA /* Sources */,
				22253E5F1EB9EFD5004E4ACA /* Frameworks */,
				22253E601EB9EFD5004E4ACA /* Resources */,
			);
			buildRules = (
			);
			dependencies = (
				22253E641EB9EFD5004E4ACA /* PBXTargetDependency */,
			);
			name = "PokeYou!UITests";
			productName = "PokeYou!UITests";
			productReference = 22253E621EB9EFD5004E4ACA /* PokeYou!UITests.xctest */;
			productType = "com.apple.product-type.bundle.ui-testing";
		};
/* End PBXNativeTarget section */

/* Begin PBXProject section */
		22253E3B1EB9EFD3004E4ACA /* Project object */ = {
			isa = PBXProject;
			attributes = {
				LastSwiftUpdateCheck = 0830;
				LastUpgradeCheck = 0830;
				ORGANIZATIONNAME = ccw630;
				TargetAttributes = {
					22253E421EB9EFD3004E4ACA = {
						CreatedOnToolsVersion = 8.3.1;
						DevelopmentTeam = L5Y66SK28D;
						LastSwiftMigration = 0830;
						ProvisioningStyle = Automatic;
					};
					22253E561EB9EFD5004E4ACA = {
						CreatedOnToolsVersion = 8.3.1;
						DevelopmentTeam = L5Y66SK28D;
						ProvisioningStyle = Automatic;
						TestTargetID = 22253E421EB9EFD3004E4ACA;
					};
					22253E611EB9EFD5004E4ACA = {
						CreatedOnToolsVersion = 8.3.1;
						DevelopmentTeam = L5Y66SK28D;
						ProvisioningStyle = Automatic;
						TestTargetID = 22253E421EB9EFD3004E4ACA;
					};
				};
			};
			buildConfigurationList = 22253E3E1EB9EFD3004E4ACA /* Build configuration list for PBXProject "PokeYou!" */;
			compatibilityVersion = "Xcode 3.2";
			developmentRegion = English;
			hasScannedForEncodings = 0;
			knownRegions = (
				en,
				Base,
			);
			mainGroup = 22253E3A1EB9EFD2004E4ACA;
			productRefGroup = 22253E441EB9EFD3004E4ACA /* Products */;
			projectDirPath = "";
			projectRoot = "";
			targets = (
				22253E421EB9EFD3004E4ACA /* PokeYou! */,
				22253E561EB9EFD5004E4ACA /* PokeYou!Tests */,
				22253E611EB9EFD5004E4ACA /* PokeYou!UITests */,
			);
		};
/* End PBXProject section */

/* Begin PBXResourcesBuildPhase section */
		22253E411EB9EFD3004E4ACA /* Resources */ = {
			isa = PBXResourcesBuildPhase;
			buildActionMask = 2147483647;
			files = (
				22253E511EB9EFD4004E4ACA /* LaunchScreen.storyboard in Resources */,
				22253E4E1EB9EFD4004E4ACA /* Assets.xcassets in Resources */,
				22253E4C1EB9EFD4004E4ACA /* Main.storyboard in Resources */,
			);
			runOnlyForDeploymentPostprocessing = 0;
		};
		22253E551EB9EFD5004E4ACA /* Resources */ = {
			isa = PBXResourcesBuildPhase;
			buildActionMask = 2147483647;
			files = (
			);
			runOnlyForDeploymentPostprocessing = 0;
		};
		22253E601EB9EFD5004E4ACA /* Resources */ = {
			isa = PBXResourcesBuildPhase;
			buildActionMask = 2147483647;
			files = (
			);
			runOnlyForDeploymentPostprocessing = 0;
		};
/* End PBXResourcesBuildPhase section */

/* Begin PBXSourcesBuildPhase section */
		22253E3F1EB9EFD3004E4ACA /* Sources */ = {
			isa = PBXSourcesBuildPhase;
			buildActionMask = 2147483647;
			files = (
				22253E491EB9EFD3004E4ACA /* ViewController.swift in Sources */,
				222EF7DD1EBF390E0030491B /* vibrate.m in Sources */,
				22253E471EB9EFD3004E4ACA /* AppDelegate.swift in Sources */,
			);
			runOnlyForDeploymentPostprocessing = 0;
		};
		22253E531EB9EFD5004E4ACA /* Sources */ = {
			isa = PBXSourcesBuildPhase;
			buildActionMask = 2147483647;
			files = (
				22253E5C1EB9EFD5004E4ACA /* PokeYou_Tests.swift in Sources */,
			);
			runOnlyForDeploymentPostprocessing = 0;
		};
		22253E5E1EB9EFD5004E4ACA /* Sources */ = {
			isa = PBXSourcesBuildPhase;
			buildActionMask = 2147483647;
			files = (
				22253E671EB9EFD5004E4ACA /* PokeYou_UITests.swift in Sources */,
			);
			runOnlyForDeploymentPostprocessing = 0;
		};
/* End PBXSourcesBuildPhase section */

/* Begin PBXTargetDependency section */
		22253E591EB9EFD5004E4ACA /* PBXTargetDependency */ = {
			isa = PBXTargetDependency;
			target = 22253E421EB9EFD3004E4ACA /* PokeYou! */;
			targetProxy = 22253E581EB9EFD5004E4ACA /* PBXContainerItemProxy */;
		};
		22253E641EB9EFD5004E4ACA /* PBXTargetDependency */ = {
			isa = PBXTargetDependency;
			target = 22253E421EB9EFD3004E4ACA /* PokeYou! */;
			targetProxy = 22253E631EB9EFD5004E4ACA /* PBXContainerItemProxy */;
		};
/* End PBXTargetDependency section */

/* Begin PBXVariantGroup section */
		22253E4A1EB9EFD4004E4ACA /* Main.storyboard */ = {
			isa = PBXVariantGroup;
			children = (
				22253E4B1EB9EFD4004E4ACA /* Base */,
			);
			name = Main.storyboard;
			sourceTree = "<group>";
		};
		22253E4F1EB9EFD4004E4ACA /* LaunchScreen.storyboard */ = {
			isa = PBXVariantGroup;
			children = (
				22253E501EB9EFD4004E4ACA /* Base */,
			);
			name = LaunchScreen.storyboard;
			sourceTree = "<group>";
		};
/* End PBXVariantGroup section */

/* Begin XCBuildConfiguration section */
		22253E691EB9EFD5004E4ACA /* Debug */ = {
			isa = XCBuildConfiguration;
			buildSettings = {
				ALWAYS_SEARCH_USER_PATHS = NO;
				CLANG_ANALYZER_NONNULL = YES;
				CLANG_ANALYZER_NUMBER_OBJECT_CONVERSION = YES_AGGRESSIVE;
				CLANG_CXX_LANGUAGE_STANDARD = "gnu++0x";
				CLANG_CXX_LIBRARY = "libc++";
				CLANG_ENABLE_MODULES = YES;
				CLANG_ENABLE_OBJC_ARC = YES;
				CLANG_WARN_BOOL_CONVERSION = YES;
				CLANG_WARN_CONSTANT_CONVERSION = YES;
				CLANG_WARN_DIRECT_OBJC_ISA_USAGE = YES_ERROR;
				CLANG_WARN_DOCUMENTATION_COMMENTS = YES;
				CLANG_WARN_EMPTY_BODY = YES;
				CLANG_WARN_ENUM_CONVERSION = YES;
				CLANG_WARN_INFINITE_RECURSION = YES;
				CLANG_WARN_INT_CONVERSION = YES;
				CLANG_WARN_OBJC_ROOT_CLASS = YES_ERROR;
				CLANG_WARN_SUSPICIOUS_MOVE = YES;
				CLANG_WARN_UNREACHABLE_CODE = YES;
				CLANG_WARN__DUPLICATE_METHOD_MATCH = YES;
				"CODE_SIGN_IDENTITY[sdk=iphoneos*]" = "iPhone Developer";
				COPY_PHASE_STRIP = NO;
				DEBUG_INFORMATION_FORMAT = dwarf;
				ENABLE_STRICT_OBJC_MSGSEND = YES;
				ENABLE_TESTABILITY = YES;
				GCC_C_LANGUAGE_STANDARD = gnu99;
				GCC_DYNAMIC_NO_PIC = NO;
				GCC_NO_COMMON_BLOCKS = YES;
				GCC_OPTIMIZATION_LEVEL = 0;
				GCC_PREPROCESSOR_DEFINITIONS = (
					"DEBUG=1",
					"$(inherited)",
				);
				GCC_WARN_64_TO_32_BIT_CONVERSION = YES;
				GCC_WARN_ABOUT_RETURN_TYPE = YES_ERROR;
				GCC_WARN_UNDECLARED_SELECTOR = YES;
				GCC_WARN_UNINITIALIZED_AUTOS = YES_AGGRESSIVE;
				GCC_WARN_UNUSED_FUNCTION = YES;
				GCC_WARN_UNUSED_VARIABLE = YES;
				IPHONEOS_DEPLOYMENT_TARGET = 10.3;
				MTL_ENABLE_DEBUG_INFO = YES;
				ONLY_ACTIVE_ARCH = YES;
				SDKROOT = iphoneos;
				SWIFT_ACTIVE_COMPILATION_CONDITIONS = DEBUG;
				SWIFT_OPTIMIZATION_LEVEL = "-Onone";
			};
			name = Debug;
		};
		22253E6A1EB9EFD5004E4ACA /* Release */ = {
			isa = XCBuildConfiguration;
			buildSettings = {
				ALWAYS_SEARCH_USER_PATHS = NO;
				CLANG_ANALYZER_NONNULL = YES;
				CLANG_ANALYZER_NUMBER_OBJECT_CONVERSION = YES_AGGRESSIVE;
				CLANG_CXX_LANGUAGE_STANDARD = "gnu++0x";
				CLANG_CXX_LIBRARY = "libc++";
				CLANG_ENABLE_MODULES = YES;
				CLANG_ENABLE_OBJC_ARC = YES;
				CLANG_WARN_BOOL_CONVERSION = YES;
				CLANG_WARN_CONSTANT_CONVERSION = YES;
				CLANG_WARN_DIRECT_OBJC_ISA_USAGE = YES_ERROR;
				CLANG_WARN_DOCUMENTATION_COMMENTS = YES;
				CLANG_WARN_EMPTY_BODY = YES;
				CLANG_WARN_ENUM_CONVERSION = YES;
				CLANG_WARN_INFINITE_RECURSION = YES;
				CLANG_WARN_INT_CONVERSION = YES;
				CLANG_WARN_OBJC_ROOT_CLASS = YES_ERROR;
				CLANG_WARN_SUSPICIOUS_MOVE = YES;
				CLANG_WARN_UNREACHABLE_CODE = YES;
				CLANG_WARN__DUPLICATE_METHOD_MATCH = YES;
				"CODE_SIGN_IDENTITY[sdk=iphoneos*]" = "iPhone Developer";
				COPY_PHASE_STRIP = NO;
				DEBUG_INFORMATION_FORMAT = "dwarf-with-dsym";
				ENABLE_NS_ASSERTIONS = NO;
				ENABLE_STRICT_OBJC_MSGSEND = YES;
				GCC_C_LANGUAGE_STANDARD = gnu99;
				GCC_NO_COMMON_BLOCKS = YES;
				GCC_WARN_64_TO_32_BIT_CONVERSION = YES;
				GCC_WARN_ABOUT_RETURN_TYPE = YES_ERROR;
				GCC_WARN_UNDECLARED_SELECTOR = YES;
				GCC_WARN_UNINITIALIZED_AUTOS = YES_AGGRESSIVE;
				GCC_WARN_UNUSED_FUNCTION = YES;
				GCC_WARN_UNUSED_VARIABLE = YES;
				IPHONEOS_DEPLOYMENT_TARGET = 10.3;
				MTL_ENABLE_DEBUG_INFO = NO;
				SDKROOT = iphoneos;
				SWIFT_OPTIMIZATION_LEVEL = "-Owholemodule";
				VALIDATE_PRODUCT = YES;
			};
			name = Release;
		};
		22253E6C1EB9EFD5004E4ACA /* Debug */ = {
			isa = XCBuildConfiguration;
			buildSettings = {
				ASSETCATALOG_COMPILER_APPICON_NAME = AppIcon;
				CLANG_ENABLE_MODULES = YES;
				DEVELOPMENT_TEAM = L5Y66SK28D;
				INFOPLIST_FILE = "PokeYou!/Info.plist";
				LD_RUNPATH_SEARCH_PATHS = "$(inherited) @executable_path/Frameworks";
				PRODUCT_BUNDLE_IDENTIFIER = "com.PokeYou-";
				PRODUCT_NAME = "$(TARGET_NAME)";
				SWIFT_OBJC_BRIDGING_HEADER = "PokeYou!/PokeYou!-Bridging-Header.h";
				SWIFT_OPTIMIZATION_LEVEL = "-Onone";
				SWIFT_VERSION = 3.0;
			};
			name = Debug;
		};
		22253E6D1EB9EFD5004E4ACA /* Release */ = {
			isa = XCBuildConfiguration;
			buildSettings = {
				ASSETCATALOG_COMPILER_APPICON_NAME = AppIcon;
				CLANG_ENABLE_MODULES = YES;
				DEVELOPMENT_TEAM = L5Y66SK28D;
				INFOPLIST_FILE = "PokeYou!/Info.plist";
				LD_RUNPATH_SEARCH_PATHS = "$(inherited) @executable_path/Frameworks";
				PRODUCT_BUNDLE_IDENTIFIER = "com.PokeYou-";
				PRODUCT_NAME = "$(TARGET_NAME)";
				SWIFT_OBJC_BRIDGING_HEADER = "PokeYou!/PokeYou!-Bridging-Header.h";
				SWIFT_VERSION = 3.0;
			};
			name = Release;
		};
		22253E6F1EB9EFD5004E4ACA /* Debug */ = {
			isa = XCBuildConfiguration;
			buildSettings = {
				ALWAYS_EMBED_SWIFT_STANDARD_LIBRARIES = YES;
				BUNDLE_LOADER = "$(TEST_HOST)";
				DEVELOPMENT_TEAM = L5Y66SK28D;
				INFOPLIST_FILE = "PokeYou!Tests/Info.plist";
				LD_RUNPATH_SEARCH_PATHS = "$(inherited) @executable_path/Frameworks @loader_path/Frameworks";
				PRODUCT_BUNDLE_IDENTIFIER = "com.PokeYou-Tests";
				PRODUCT_NAME = "$(TARGET_NAME)";
				SWIFT_VERSION = 3.0;
				TEST_HOST = "$(BUILT_PRODUCTS_DIR)/PokeYou!.app/PokeYou!";
			};
			name = Debug;
		};
		22253E701EB9EFD5004E4ACA /* Release */ = {
			isa = XCBuildConfiguration;
			buildSettings = {
				ALWAYS_EMBED_SWIFT_STANDARD_LIBRARIES = YES;
				BUNDLE_LOADER = "$(TEST_HOST)";
				DEVELOPMENT_TEAM = L5Y66SK28D;
				INFOPLIST_FILE = "PokeYou!Tests/Info.plist";
				LD_RUNPATH_SEARCH_PATHS = "$(inherited) @executable_path/Frameworks @loader_path/Frameworks";
				PRODUCT_BUNDLE_IDENTIFIER = "com.PokeYou-Tests";
				PRODUCT_NAME = "$(TARGET_NAME)";
				SWIFT_VERSION = 3.0;
				TEST_HOST = "$(BUILT_PRODUCTS_DIR)/PokeYou!.app/PokeYou!";
			};
			name = Release;
		};
		22253E721EB9EFD5004E4ACA /* Debug */ = {
			isa = XCBuildConfiguration;
			buildSettings = {
				ALWAYS_EMBED_SWIFT_STANDARD_LIBRARIES = YES;
				DEVELOPMENT_TEAM = L5Y66SK28D;
				INFOPLIST_FILE = "PokeYou!UITests/Info.plist";
				LD_RUNPATH_SEARCH_PATHS = "$(inherited) @executable_path/Frameworks @loader_path/Frameworks";
				PRODUCT_BUNDLE_IDENTIFIER = "com.PokeYou-UITests";
				PRODUCT_NAME = "$(TARGET_NAME)";
				SWIFT_VERSION = 3.0;
				TEST_TARGET_NAME = "PokeYou!";
			};
			name = Debug;
		};
		22253E731EB9EFD5004E4ACA /* Release */ = {
			isa = XCBuildConfiguration;
			buildSettings = {
				ALWAYS_EMBED_SWIFT_STANDARD_LIBRARIES = YES;
				DEVELOPMENT_TEAM = L5Y66SK28D;
				INFOPLIST_FILE = "PokeYou!UITests/Info.plist";
				LD_RUNPATH_SEARCH_PATHS = "$(inherited) @executable_path/Frameworks @loader_path/Frameworks";
				PRODUCT_BUNDLE_IDENTIFIER = "com.PokeYou-UITests";
				PRODUCT_NAME = "$(TARGET_NAME)";
				SWIFT_VERSION = 3.0;
				TEST_TARGET_NAME = "PokeYou!";
			};
			name = Release;
		};
/* End XCBuildConfiguration section */

/* Begin XCConfigurationList section */
		22253E3E1EB9EFD3004E4ACA /* Build configuration list for PBXProject "PokeYou!" */ = {
			isa = XCConfigurationList;
			buildConfigurations = (
				22253E691EB9EFD5004E4ACA /* Debug */,
				22253E6A1EB9EFD5004E4ACA /* Release */,
			);
			defaultConfigurationIsVisible = 0;
			defaultConfigurationName = Release;
		};
		22253E6B1EB9EFD5004E4ACA /* Build configuration list for PBXNativeTarget "PokeYou!" */ = {
			isa = XCConfigurationList;
			buildConfigurations = (
				22253E6C1EB9EFD5004E4ACA /* Debug */,
				22253E6D1EB9EFD5004E4ACA /* Release */,
			);
			defaultConfigurationIsVisible = 0;
			defaultConfigurationName = Release;
		};
		22253E6E1EB9EFD5004E4ACA /* Build configuration list for PBXNativeTarget "PokeYou!Tests" */ = {
			isa = XCConfigurationList;
			buildConfigurations = (
				22253E6F1EB9EFD5004E4ACA /* Debug */,
				22253E701EB9EFD5004E4ACA /* Release */,
			);
			defaultConfigurationIsVisible = 0;
			defaultConfigurationName = Release;
		};
		22253E711EB9EFD5004E4ACA /* Build configuration list for PBXNativeTarget "PokeYou!UITests" */ = {
			isa = XCConfigurationList;
			buildConfigurations = (
				22253E721EB9EFD5004E4ACA /* Debug */,
				22253E731EB9EFD5004E4ACA /* Release */,
			);
			defaultConfigurationIsVisible = 0;
			defaultConfigurationName = Release;
		};
/* End XCConfigurationList section */
	};
	rootObject = 22253E3B1EB9EFD3004E4ACA /* Project object */;
}
